
Microsoft Visual Studio Solution File, Format Version 12.00
# Visual Studio 14
VisualStudioVersion = 14.0.23107.0
MinimumVisualStudioVersion = 10.0.40219.1
Project("{F184B08F-C81C-45F6-A57F-5ABD9991F28F}") = "md2docx", "md2docx.vbproj", "{6AB98C96-5A01-408E-AB98-1E8B616FBF71}"
EndProject
Project("{2150E333-8FDC-42A3-9474-1A3956D46DE8}") = "vb", "vb", "{C24050FF-0515-46F9-9420-A3DBD80EEB26}"
	ProjectSection(SolutionItems) = preProject
		..\vb\introduction.md = ..\vb\introduction.md
		..\vb\lexical-grammar.md = ..\vb\lexical-grammar.md
	EndProjectSection
EndProject
Project("{2150E333-8FDC-42A3-9474-1A3956D46DE8}") = "Solution Items", "Solution Items", "{1EEA00D2-4667-40C2-8C3A-3537BBB96B09}"
	ProjectSection(SolutionItems) = preProject
		..\LICENSE = ..\LICENSE
		..\readme.md = ..\readme.md
	EndProjectSection
EndProject
Global
	GlobalSection(SolutionConfigurationPlatforms) = preSolution
		Debug|Any CPU = Debug|Any CPU
		Release|Any CPU = Release|Any CPU
	EndGlobalSection
	GlobalSection(ProjectConfigurationPlatforms) = postSolution
		{6AB98C96-5A01-408E-AB98-1E8B616FBF71}.Debug|Any CPU.ActiveCfg = Debug|Any CPU
		{6AB98C96-5A01-408E-AB98-1E8B616FBF71}.Debug|Any CPU.Build.0 = Debug|Any CPU
		{6AB98C96-5A01-408E-AB98-1E8B616FBF71}.Release|Any CPU.ActiveCfg = Release|Any CPU
		{6AB98C96-5A01-408E-AB98-1E8B616FBF71}.Release|Any CPU.Build.0 = Release|Any CPU
	EndGlobalSection
	GlobalSection(SolutionProperties) = preSolution
		HideSolutionNode = FALSE
	EndGlobalSection
EndGlobal
